<?xml version="1.0" encoding="utf-8"?>
<Project ToolsVersion="4.0" xmlns="http://schemas.microsoft.com/developer/msbuild/2003">
  <ItemGroup>
    <Filter Include="Source Files">
      <UniqueIdentifier>{4FC737F1-C7A5-4376-A066-2A32D752A2FF}</UniqueIdentifier>
      <Extensions>cpp;c;cc;cxx;def;odl;idl;hpj;bat;asm;asmx</Extensions>
    </Filter>
    <Filter Include="Header Files">
      <UniqueIdentifier>{93995380-89BD-4b04-88EB-625FBE52EBFB}</UniqueIdentifier>
      <Extensions>h;hh;hpp;hxx;hm;inl;inc;xsd</Extensions>
    </Filter>
    <Filter Include="Resource Files">
      <UniqueIdentifier>{67DA6AB6-F800-4c08-8B7A-83BB121AAD01}</UniqueIdentifier>
      <Extensions>rc;ico;cur;bmp;dlg;rc2;rct;bin;rgs;gif;jpg;jpeg;jpe;resx;tiff;tif;png;wav;mfcribbon-ms</Extensions>
    </Filter>
  </ItemGroup>
  <ItemGroup>
    <ClInclude Include="export.h">
      <Filter>Header Files</Filter>
    </ClInclude>
    <ClInclude Include="filters\HeightMap2D.hpp">
      <Filter>Header Files</Filter>
    </ClInclude>
  </ItemGroup>
  <ItemGroup>
    <ClCompile Include="common\ModelCoefficients.generated.cpp">
      <Filter>Source Files</Filter>
    </ClCompile>
    <ClCompile Include="common\PCAOfXYZ.generated.cpp">
      <Filter>Source Files</Filter>
    </ClCompile>
    <ClCompile Include="common\PclBaseOfXYZ.generated.cpp">
      <Filter>Source Files</Filter>
    </ClCompile>
    <ClCompile Include="common\PclBaseOfXYZRGBA.generated.cpp">
      <Filter>Source Files</Filter>
    </ClCompile>
    <ClCompile Include="common\PointIndices.generated.cpp">
      <Filter>Source Files</Filter>
    </ClCompile>
    <ClCompile Include="eigen\Matrix4f.generated.cpp">
      <Filter>Source Files</Filter>
    </ClCompile>
    <ClCompile Include="eigen\VectorXf.generated.cpp">
      <Filter>Source Files</Filter>
    </ClCompile>
    <ClCompile Include="features\FPFHEstimationOfPointXYZAndNormal.generated.cpp">
      <Filter>Source Files</Filter>
    </ClCompile>
    <ClCompile Include="features\IntegralImageNormalEstimationOfPointXYZAndNormal.generated.cpp">
      <Filter>Source Files</Filter>
    </ClCompile>
    <ClCompile Include="filters\ExtractIndicesXYZ.generated.cpp">
      <Filter>Source Files</Filter>
    </ClCompile>
    <ClCompile Include="filters\Heightmap2DOfXYZ.generated.cpp">
      <Filter>Source Files</Filter>
    </ClCompile>
    <ClCompile Include="filters\StatisticalOutlierRemovalOfXYZ.generated.cpp">
      <Filter>Source Files</Filter>
    </ClCompile>
    <ClCompile Include="filters\VoxelGridOfXYZ.generated.cpp">
      <Filter>Source Files</Filter>
    </ClCompile>
    <ClCompile Include="io\PCDReader.generated.cpp">
      <Filter>Source Files</Filter>
    </ClCompile>
    <ClCompile Include="pointcloud\PointCloudOfNormal.generated.cpp">
      <Filter>Source Files</Filter>
    </ClCompile>
    <ClCompile Include="pointcloud\PointCloudOfXYZ.generated.cpp">
      <Filter>Source Files</Filter>
    </ClCompile>
    <ClCompile Include="pointcloud\PointCloudOfXYZL.generated.cpp">
      <Filter>Source Files</Filter>
    </ClCompile>
    <ClCompile Include="pointcloud\PointCloudOfXYZRGBA.generated.cpp">
      <Filter>Source Files</Filter>
    </ClCompile>
    <ClCompile Include="pointcloud\PolygonMesh.generated.cpp">
      <Filter>Source Files</Filter>
    </ClCompile>
    <ClCompile Include="PointSizes.cpp">
      <Filter>Source Files</Filter>
    </ClCompile>
    <ClCompile Include="registration\iterativeclosestpointofpointxyz_pointxyz.generated.cpp">
      <Filter>Source Files</Filter>
    </ClCompile>
    <ClCompile Include="registration\TransformationEstimationPointToPlaneLLSOfPointNormal_PointNormal.generated.cpp">
      <Filter>Source Files</Filter>
    </ClCompile>
    <ClCompile Include="sampleconsensus\SampleConsensusModelPlaneOfXYZ.generated.cpp">
      <Filter>Source Files</Filter>
    </ClCompile>
    <ClCompile Include="search\KdTreeOfXYZ.generated.cpp">
      <Filter>Source Files</Filter>
    </ClCompile>
    <ClCompile Include="search\OrganizedNeighborOfXYZ.generated.cpp">
      <Filter>Source Files</Filter>
    </ClCompile>
    <ClCompile Include="segmentation\CPCSegmentationOfXYZ.generated.cpp">
      <Filter>Source Files</Filter>
    </ClCompile>
    <ClCompile Include="segmentation\EuclideanClusterExtractionOfXYZ.generated.cpp">
      <Filter>Source Files</Filter>
    </ClCompile>
    <ClCompile Include="segmentation\LCCPSegmentationOfXYZ.generated.cpp">
      <Filter>Source Files</Filter>
    </ClCompile>
    <ClCompile Include="segmentation\SACSegmentationOfXYZ.generated.cpp">
      <Filter>Source Files</Filter>
    </ClCompile>
    <ClCompile Include="segmentation\SupervoxelClusteringOfXYZ.generated.cpp">
      <Filter>Source Files</Filter>
    </ClCompile>
    <ClCompile Include="segmentation\SupervoxelClusteringOfXYZRGBA.generated.cpp">
      <Filter>Source Files</Filter>
    </ClCompile>
    <ClCompile Include="segmentation\SupervoxelClustersOfXYZ.generated.cpp">
      <Filter>Source Files</Filter>
    </ClCompile>
    <ClCompile Include="segmentation\SupervoxelClustersOfXYZRGBA.generated.cpp">
      <Filter>Source Files</Filter>
    </ClCompile>
    <ClCompile Include="segmentation\SupervoxelOfXYZ.generated.cpp">
      <Filter>Source Files</Filter>
    </ClCompile>
    <ClCompile Include="segmentation\SupervoxelOfXYZRGBA.generated.cpp">
      <Filter>Source Files</Filter>
    </ClCompile>
    <ClCompile Include="std\MultiMapOfuintAnduint.generated.cpp">
      <Filter>Source Files</Filter>
    </ClCompile>
    <ClCompile Include="std\VectorOfByte.generated.cpp">
      <Filter>Source Files</Filter>
    </ClCompile>
    <ClCompile Include="std\VectorOfFloat.generated.cpp">
      <Filter>Source Files</Filter>
    </ClCompile>
    <ClCompile Include="std\VectorOfInt.generated.cpp">
      <Filter>Source Files</Filter>
    </ClCompile>
    <ClCompile Include="std\VectorOfNormal.generated.cpp">
      <Filter>Source Files</Filter>
    </ClCompile>
    <ClCompile Include="std\VectorOfPointIndices.generated.cpp">
      <Filter>Source Files</Filter>
    </ClCompile>
    <ClCompile Include="std\VectorOfUInt.generated.cpp">
      <Filter>Source Files</Filter>
    </ClCompile>
    <ClCompile Include="std\VectorOfXYZ.generated.cpp">
      <Filter>Source Files</Filter>
    </ClCompile>
    <ClCompile Include="std\VectorOfXYZL.generated.cpp">
      <Filter>Source Files</Filter>
    </ClCompile>
    <ClCompile Include="std\VectorOfXYZRGBA.generated.cpp">
      <Filter>Source Files</Filter>
    </ClCompile>
    <ClCompile Include="surface\ConvexHullOfXYZ.generated.cpp">
      <Filter>Source Files</Filter>
    </ClCompile>
    <ClCompile Include="io\PCDWriter.generated.cpp">
      <Filter>Source Files</Filter>
    </ClCompile>
  </ItemGroup>
</Project>